<?xml version="1.0" encoding="utf-8"?>
<Project ToolsVersion="4.0" xmlns="http://schemas.microsoft.com/developer/msbuild/2003">
  <ItemGroup>
    <Filter Include="Source Files">
      <UniqueIdentifier>{4FC737F1-C7A5-4376-A066-2A32D752A2FF}</UniqueIdentifier>
      <Extensions>cpp;c;cc;cxx;def;odl;idl;hpj;bat;asm;asmx</Extensions>
    </Filter>
    <Filter Include="Header Files">
      <UniqueIdentifier>{93995380-89BD-4b04-88EB-625FBE52EBFB}</UniqueIdentifier>
      <Extensions>h;hh;hpp;hxx;hm;inl;inc;xsd</Extensions>
    </Filter>
    <Filter Include="Resource Files">
      <UniqueIdentifier>{67DA6AB6-F800-4c08-8B7A-83BB121AAD01}</UniqueIdentifier>
      <Extensions>qrc;rc;ico;cur;bmp;dlg;rc2;rct;bin;rgs;gif;jpg;jpeg;jpe;resx;tiff;tif;png;wav;mfcribbon-ms</Extensions>
    </Filter>
    <Filter Include="Form Files">
      <UniqueIdentifier>{99349809-55BA-4b9d-BF79-8FDBB0286EB3}</UniqueIdentifier>
      <Extensions>ui</Extensions>
    </Filter>
    <Filter Include="Translation Files">
      <UniqueIdentifier>{639EADAA-A684-42e4-A9AD-28FC9BCB8F7C}</UniqueIdentifier>
      <Extensions>ts</Extensions>
    </Filter>
    <Filter Include="Header Files\Utilities">
      <UniqueIdentifier>{7a501b6f-2dec-474f-a30a-e8b71e040018}</UniqueIdentifier>
    </Filter>
    <Filter Include="Source Files\Utilities">
      <UniqueIdentifier>{e051c563-bf71-4969-9f93-f438475a8c5c}</UniqueIdentifier>
    </Filter>
    <Filter Include="Source Files\Windows">
      <UniqueIdentifier>{95ec2028-e12f-4615-b33e-55d64dbc9612}</UniqueIdentifier>
    </Filter>
    <Filter Include="Header Files\Windows">
      <UniqueIdentifier>{76c04c28-ffcc-4633-b170-3ac1735b5ea0}</UniqueIdentifier>
    </Filter>
    <Filter Include="Header Files\Utilities\DCS">
      <UniqueIdentifier>{611734b6-a9b1-4588-9351-b4978561bb26}</UniqueIdentifier>
    </Filter>
    <Filter Include="Header Files\Utilities\Scripting">
      <UniqueIdentifier>{13668a89-98bc-4686-9b31-40a3066a306f}</UniqueIdentifier>
    </Filter>
    <Filter Include="Source Files\Utilities\DCS">
      <UniqueIdentifier>{dc18b6dd-48b3-4f94-a7cf-491700896294}</UniqueIdentifier>
    </Filter>
    <Filter Include="Header Files\Utilities\LUA">
      <UniqueIdentifier>{77ea495a-e0f8-4360-8a25-ac6e6a1dc418}</UniqueIdentifier>
    </Filter>
    <Filter Include="Source Files\Utilities\LUA">
      <UniqueIdentifier>{6aac6178-3b02-4f68-a4d2-4d5c8d71e0eb}</UniqueIdentifier>
    </Filter>
    <Filter Include="Header Files\Models">
      <UniqueIdentifier>{591f3535-f3fc-45d9-b9b6-3a211179b337}</UniqueIdentifier>
    </Filter>
    <Filter Include="Header Files\Utilities\Validators">
      <UniqueIdentifier>{dccb38bb-4d1f-4c8d-971f-e2a248b35bcf}</UniqueIdentifier>
    </Filter>
    <Filter Include="Source Files\Utilities\Validators">
      <UniqueIdentifier>{e43d88e0-c005-4e34-b78d-43126fe0326b}</UniqueIdentifier>
    </Filter>
    <Filter Include="Source Files\Utilities\Scripting">
      <UniqueIdentifier>{a2c9a833-68f7-4c1b-9c26-8eb14cf5c15e}</UniqueIdentifier>
    </Filter>
  </ItemGroup>
  <ItemGroup>
    <QtRcc Include="MainWindow.qrc">
      <Filter>Resource Files</Filter>
    </QtRcc>
    <QtUic Include="MainWindow.ui">
      <Filter>Form Files</Filter>
    </QtUic>
    <QtMoc Include="MainWindow.h">
      <Filter>Header Files</Filter>
    </QtMoc>
    <ClCompile Include="MainWindow.cpp">
      <Filter>Source Files</Filter>
    </ClCompile>
    <None Include="Templateator2000.ico">
      <Filter>Resource Files</Filter>
    </None>
    <ResourceCompile Include="Templateator2000.rc">
      <Filter>Resource Files</Filter>
    </ResourceCompile>
  </ItemGroup>
  <ItemGroup>
    <ClCompile Include="main.cpp">
      <Filter>Source Files</Filter>
    </ClCompile>
    <ClCompile Include="Utilities\Log.cpp">
      <Filter>Source Files\Utilities</Filter>
    </ClCompile>
    <ClCompile Include="Windows\TankerWindow.cpp">
      <Filter>Source Files\Windows</Filter>
    </ClCompile>
    <ClCompile Include="Utilities\Moose.cpp">
      <Filter>Source Files\Utilities</Filter>
    </ClCompile>
    <ClCompile Include="Utilities\DCS\Group.cpp">
      <Filter>Source Files\Utilities\DCS</Filter>
    </ClCompile>
    <ClCompile Include="Utilities\DCS\Unit.cpp">
      <Filter>Source Files\Utilities\DCS</Filter>
    </ClCompile>
    <ClCompile Include="Utilities\LUA\Lua.cpp">
      <Filter>Source Files\Utilities\LUA</Filter>
    </ClCompile>
    <ClCompile Include="Utilities\Scripting\Scripts.cpp">
      <Filter>Source Files\Utilities\Scripting</Filter>
    </ClCompile>
    <ClCompile Include="Utilities\Mission.cpp">
      <Filter>Source Files\Utilities</Filter>
    </ClCompile>
    <ClCompile Include="Utilities\DCS\DCSMission.cpp">
      <Filter>Source Files\Utilities\DCS</Filter>
    </ClCompile>
    <ClCompile Include="Utilities\Validators\QStringListValidator.cpp">
      <Filter>Source Files\Utilities\Validators</Filter>
    </ClCompile>
    <ClCompile Include="Utilities\Scripting\Injector.cpp">
      <Filter>Source Files\Utilities\Scripting</Filter>
    </ClCompile>
  </ItemGroup>
  <ItemGroup>
    <ClInclude Include="Utilities\Log.h">
      <Filter>Header Files\Utilities</Filter>
    </ClInclude>
    <ClInclude Include="Utilities\Moose.h">
      <Filter>Header Files\Utilities</Filter>
    </ClInclude>
    <ClInclude Include="Utilities\DCS\Group.h">
      <Filter>Header Files\Utilities\DCS</Filter>
    </ClInclude>
    <ClInclude Include="Utilities\DCS\Unit.h">
      <Filter>Header Files\Utilities\DCS</Filter>
    </ClInclude>
    <ClInclude Include="Utilities\LUA\Lua.h">
      <Filter>Header Files\Utilities\LUA</Filter>
    </ClInclude>
    <ClInclude Include="Utilities\Coalition.h">
      <Filter>Header Files\Utilities</Filter>
    </ClInclude>
    <ClInclude Include="Utilities\Mission.h">
      <Filter>Header Files\Utilities</Filter>
    </ClInclude>
    <ClInclude Include="Utilities\Scripting\Scripts.h">
      <Filter>Header Files\Utilities\Scripting</Filter>
    </ClInclude>
    <ClInclude Include="Utilities\DCS\DCSMission.h">
      <Filter>Header Files\Utilities\DCS</Filter>
    </ClInclude>
    <ClInclude Include="Models\Tanker.h">
      <Filter>Header Files\Models</Filter>
    </ClInclude>
    <ClInclude Include="Utilities\Validators\QStringListValidator.h">
      <Filter>Header Files\Utilities\Validators</Filter>
    </ClInclude>
    <ClInclude Include="Utilities\Scripting\Injector.h">
      <Filter>Header Files\Utilities\Scripting</Filter>
    </ClInclude>
  </ItemGroup>
  <ItemGroup>
    <QtUic Include="Windows\TankerWindow.ui">
      <Filter>Form Files</Filter>
    </QtUic>
  </ItemGroup>
  <ItemGroup>
    <QtMoc Include="Windows\TankerWindow.h">
      <Filter>Header Files\Windows</Filter>
    </QtMoc>
  </ItemGroup>
</Project>