<?xml version="1.0" encoding="utf-8"?>
<Project ToolsVersion="4.0" xmlns="http://schemas.microsoft.com/developer/msbuild/2003">
  <ItemGroup>
    <Filter Include="Source Files">
      <UniqueIdentifier>{4FC737F1-C7A5-4376-A066-2A32D752A2FF}</UniqueIdentifier>
      <Extensions>cpp;c;cc;cxx;def;odl;idl;hpj;bat;asm;asmx</Extensions>
    </Filter>
    <Filter Include="Header Files">
      <UniqueIdentifier>{93995380-89BD-4b04-88EB-625FBE52EBFB}</UniqueIdentifier>
      <Extensions>h;hh;hpp;hxx;hm;inl;inc;xsd</Extensions>
    </Filter>
    <Filter Include="Resource Files">
      <UniqueIdentifier>{67DA6AB6-F800-4c08-8B7A-83BB121AAD01}</UniqueIdentifier>
      <Extensions>qrc;rc;ico;cur;bmp;dlg;rc2;rct;bin;rgs;gif;jpg;jpeg;jpe;resx;tiff;tif;png;wav;mfcribbon-ms</Extensions>
    </Filter>
    <Filter Include="Form Files">
      <UniqueIdentifier>{99349809-55BA-4b9d-BF79-8FDBB0286EB3}</UniqueIdentifier>
      <Extensions>ui</Extensions>
    </Filter>
    <Filter Include="Translation Files">
      <UniqueIdentifier>{639EADAA-A684-42e4-A9AD-28FC9BCB8F7C}</UniqueIdentifier>
      <Extensions>ts</Extensions>
    </Filter>
    <Filter Include="Header Files\Utilities">
      <UniqueIdentifier>{7a501b6f-2dec-474f-a30a-e8b71e040018}</UniqueIdentifier>
    </Filter>
    <Filter Include="Source Files\Utilities">
      <UniqueIdentifier>{e051c563-bf71-4969-9f93-f438475a8c5c}</UniqueIdentifier>
    </Filter>
    <Filter Include="Source Files\Windows">
      <UniqueIdentifier>{95ec2028-e12f-4615-b33e-55d64dbc9612}</UniqueIdentifier>
    </Filter>
    <Filter Include="Header Files\Windows">
      <UniqueIdentifier>{76c04c28-ffcc-4633-b170-3ac1735b5ea0}</UniqueIdentifier>
    </Filter>
    <Filter Include="Header Files\Utilities\DCS">
      <UniqueIdentifier>{611734b6-a9b1-4588-9351-b4978561bb26}</UniqueIdentifier>
    </Filter>
    <Filter Include="Header Files\Utilities\Scripting">
      <UniqueIdentifier>{13668a89-98bc-4686-9b31-40a3066a306f}</UniqueIdentifier>
    </Filter>
    <Filter Include="Source Files\Utilities\DCS">
      <UniqueIdentifier>{dc18b6dd-48b3-4f94-a7cf-491700896294}</UniqueIdentifier>
    </Filter>
    <Filter Include="Header Files\Utilities\LUA">
      <UniqueIdentifier>{77ea495a-e0f8-4360-8a25-ac6e6a1dc418}</UniqueIdentifier>
    </Filter>
    <Filter Include="Source Files\Utilities\LUA">
      <UniqueIdentifier>{6aac6178-3b02-4f68-a4d2-4d5c8d71e0eb}</UniqueIdentifier>
    </Filter>
    <Filter Include="Header Files\Models">
      <UniqueIdentifier>{591f3535-f3fc-45d9-b9b6-3a211179b337}</UniqueIdentifier>
    </Filter>
    <Filter Include="Header Files\Utilities\Validators">
      <UniqueIdentifier>{dccb38bb-4d1f-4c8d-971f-e2a248b35bcf}</UniqueIdentifier>
    </Filter>
    <Filter Include="Source Files\Utilities\Validators">
      <UniqueIdentifier>{e43d88e0-c005-4e34-b78d-43126fe0326b}</UniqueIdentifier>
    </Filter>
    <Filter Include="Source Files\Utilities\Scripting">
      <UniqueIdentifier>{a2c9a833-68f7-4c1b-9c26-8eb14cf5c15e}</UniqueIdentifier>
    </Filter>
    <Filter Include="Source Files\Windows\Wizards">
      <UniqueIdentifier>{f50a16fd-502c-4e26-bc42-50596d940378}</UniqueIdentifier>
    </Filter>
    <Filter Include="Source Files\Windows\Wizards\Tanker">
      <UniqueIdentifier>{fa9707a4-1646-4b73-9349-d7f9a4309354}</UniqueIdentifier>
    </Filter>
    <Filter Include="Source Files\Windows\Wizards\Tanker\Pages">
      <UniqueIdentifier>{d0053230-4e9b-45b8-a8af-92fce9ba4193}</UniqueIdentifier>
    </Filter>
    <Filter Include="Header Files\Windows\Wizards">
      <UniqueIdentifier>{ed3edd88-57d3-45e0-a0e9-206893155d62}</UniqueIdentifier>
    </Filter>
    <Filter Include="Header Files\Windows\Wizards\Tanker">
      <UniqueIdentifier>{253dfa06-b3a4-44ed-bea3-c9d37abe7533}</UniqueIdentifier>
    </Filter>
    <Filter Include="Header Files\Windows\Wizards\Tanker\Pages">
      <UniqueIdentifier>{9f12023f-8401-4252-a9ea-0c18dee0069c}</UniqueIdentifier>
    </Filter>
    <Filter Include="Header Files\Windows\Wizards\Beacon">
      <UniqueIdentifier>{1d4baaf7-b3ac-4bba-bbad-98a7aa04b580}</UniqueIdentifier>
    </Filter>
    <Filter Include="Header Files\Windows\Wizards\Beacon\Pages">
      <UniqueIdentifier>{48e499fc-27d1-4520-9f0f-e637c89891cc}</UniqueIdentifier>
    </Filter>
    <Filter Include="Source Files\Windows\Wizards\Beacon">
      <UniqueIdentifier>{16d96469-110d-42be-936a-b5ea1dc7aad5}</UniqueIdentifier>
    </Filter>
    <Filter Include="Source Files\Windows\Wizards\Beacon\Pages">
      <UniqueIdentifier>{fa3149bf-ad77-4eba-94e0-dcf3d101385e}</UniqueIdentifier>
    </Filter>
    <Filter Include="Source Files\Windows\Wizards\Atis">
      <UniqueIdentifier>{e8a4fb1f-35c8-4f3e-b12a-c0379aa2c75a}</UniqueIdentifier>
    </Filter>
    <Filter Include="Source Files\Windows\Wizards\Atis\Pages">
      <UniqueIdentifier>{adbe4810-66a5-4359-a7da-845ab6c93a08}</UniqueIdentifier>
    </Filter>
    <Filter Include="Header Files\Windows\Wizards\Atis">
      <UniqueIdentifier>{75e8d5d1-a9d3-4dfd-9ef5-363c309f52a6}</UniqueIdentifier>
    </Filter>
    <Filter Include="Header Files\Windows\Wizards\Atis\Pages">
      <UniqueIdentifier>{2d2fb3b7-e8f5-4fb7-8107-ea3a18bd85a3}</UniqueIdentifier>
    </Filter>
    <Filter Include="Source Files\Windows\Wizards\Awacs">
      <UniqueIdentifier>{99a60121-ef89-4865-ab4f-614bf34a6027}</UniqueIdentifier>
    </Filter>
    <Filter Include="Source Files\Windows\Wizards\Awacs\Pages">
      <UniqueIdentifier>{c18542b3-6e5b-446d-96f4-2be28bf98747}</UniqueIdentifier>
    </Filter>
    <Filter Include="Header Files\Windows\Wizards\Awacs">
      <UniqueIdentifier>{c538f5a3-2ecb-4000-85e4-5060535ee2b3}</UniqueIdentifier>
    </Filter>
    <Filter Include="Header Files\Windows\Wizards\Awacs\Pages">
      <UniqueIdentifier>{2999c884-ab4f-4907-b394-021c588501de}</UniqueIdentifier>
    </Filter>
  </ItemGroup>
  <ItemGroup>
    <QtRcc Include="MainWindow.qrc">
      <Filter>Resource Files</Filter>
    </QtRcc>
    <QtUic Include="MainWindow.ui">
      <Filter>Form Files</Filter>
    </QtUic>
    <QtMoc Include="MainWindow.h">
      <Filter>Header Files</Filter>
    </QtMoc>
    <ClCompile Include="MainWindow.cpp">
      <Filter>Source Files</Filter>
    </ClCompile>
    <None Include="Templateator2000.ico">
      <Filter>Resource Files</Filter>
    </None>
    <ResourceCompile Include="Templateator2000.rc">
      <Filter>Resource Files</Filter>
    </ResourceCompile>
  </ItemGroup>
  <ItemGroup>
    <ClCompile Include="main.cpp">
      <Filter>Source Files</Filter>
    </ClCompile>
    <ClCompile Include="Utilities\Log.cpp">
      <Filter>Source Files\Utilities</Filter>
    </ClCompile>
    <ClCompile Include="Utilities\Moose.cpp">
      <Filter>Source Files\Utilities</Filter>
    </ClCompile>
    <ClCompile Include="Utilities\DCS\Group.cpp">
      <Filter>Source Files\Utilities\DCS</Filter>
    </ClCompile>
    <ClCompile Include="Utilities\DCS\Unit.cpp">
      <Filter>Source Files\Utilities\DCS</Filter>
    </ClCompile>
    <ClCompile Include="Utilities\LUA\Lua.cpp">
      <Filter>Source Files\Utilities\LUA</Filter>
    </ClCompile>
    <ClCompile Include="Utilities\Scripting\Scripts.cpp">
      <Filter>Source Files\Utilities\Scripting</Filter>
    </ClCompile>
    <ClCompile Include="Utilities\Mission.cpp">
      <Filter>Source Files\Utilities</Filter>
    </ClCompile>
    <ClCompile Include="Utilities\DCS\DCSMission.cpp">
      <Filter>Source Files\Utilities\DCS</Filter>
    </ClCompile>
    <ClCompile Include="Utilities\Validators\QStringListValidator.cpp">
      <Filter>Source Files\Utilities\Validators</Filter>
    </ClCompile>
    <ClCompile Include="Utilities\Scripting\Injector.cpp">
      <Filter>Source Files\Utilities\Scripting</Filter>
    </ClCompile>
    <ClCompile Include="Windows\InjectorWindow.cpp">
      <Filter>Source Files\Windows</Filter>
    </ClCompile>
    <ClCompile Include="Windows\CarrierWindow.cpp">
      <Filter>Source Files\Windows</Filter>
    </ClCompile>
    <ClCompile Include="Windows\AboutDialog.cpp">
      <Filter>Source Files\Windows</Filter>
    </ClCompile>
    <ClCompile Include="Windows\Wizards\Tanker\Pages\TankerCarrierPage.cpp">
      <Filter>Source Files\Windows\Wizards\Tanker\Pages</Filter>
    </ClCompile>
    <ClCompile Include="Windows\Wizards\Tanker\Pages\TankerChooseEscortPage.cpp">
      <Filter>Source Files\Windows\Wizards\Tanker\Pages</Filter>
    </ClCompile>
    <ClCompile Include="Windows\Wizards\Tanker\Pages\TankerDeparturePage.cpp">
      <Filter>Source Files\Windows\Wizards\Tanker\Pages</Filter>
    </ClCompile>
    <ClCompile Include="Windows\Wizards\Tanker\Pages\TankerEscortPage.cpp">
      <Filter>Source Files\Windows\Wizards\Tanker\Pages</Filter>
    </ClCompile>
    <ClCompile Include="Windows\Wizards\Tanker\Pages\TankerFlightPage.cpp">
      <Filter>Source Files\Windows\Wizards\Tanker\Pages</Filter>
    </ClCompile>
    <ClCompile Include="Windows\Wizards\Tanker\Pages\TankerIntroPage.cpp">
      <Filter>Source Files\Windows\Wizards\Tanker\Pages</Filter>
    </ClCompile>
    <ClCompile Include="Windows\Wizards\Tanker\Pages\TankerFixedPage.cpp">
      <Filter>Source Files\Windows\Wizards\Tanker\Pages</Filter>
    </ClCompile>
    <ClCompile Include="Windows\Wizards\Tanker\Pages\TankerModelPage.cpp">
      <Filter>Source Files\Windows\Wizards\Tanker\Pages</Filter>
    </ClCompile>
    <ClCompile Include="Windows\Wizards\Tanker\Pages\TankerParkingPage.cpp">
      <Filter>Source Files\Windows\Wizards\Tanker\Pages</Filter>
    </ClCompile>
    <ClCompile Include="Windows\Wizards\Tanker\Pages\TankerRadioPage.cpp">
      <Filter>Source Files\Windows\Wizards\Tanker\Pages</Filter>
    </ClCompile>
    <ClCompile Include="Windows\Wizards\Tanker\Pages\TankerRespawnPage.cpp">
      <Filter>Source Files\Windows\Wizards\Tanker\Pages</Filter>
    </ClCompile>
    <ClCompile Include="Windows\Wizards\Tanker\Pages\TankerTacanPage.cpp">
      <Filter>Source Files\Windows\Wizards\Tanker\Pages</Filter>
    </ClCompile>
    <ClCompile Include="Windows\Wizards\Tanker\TankerWizard.cpp">
      <Filter>Source Files\Windows\Wizards\Tanker</Filter>
    </ClCompile>
    <ClCompile Include="Windows\Wizards\Tanker\Pages\TankerMissionPage.cpp">
      <Filter>Source Files\Windows\Wizards\Tanker\Pages</Filter>
    </ClCompile>
    <ClCompile Include="Windows\Wizards\Tanker\Pages\TankerOnDemandPage.cpp">
      <Filter>Source Files\Windows\Wizards\Tanker\Pages</Filter>
    </ClCompile>
    <ClCompile Include="Windows\Wizards\Tanker\Pages\TankerOnDemandFlightPage.cpp">
      <Filter>Source Files\Windows\Wizards\Tanker\Pages</Filter>
    </ClCompile>
    <ClCompile Include="Windows\Wizards\Beacon\BeaconWizard.cpp">
      <Filter>Source Files\Windows\Wizards\Beacon</Filter>
    </ClCompile>
    <ClCompile Include="Windows\Wizards\Beacon\Pages\BeaconIntroPage.cpp">
      <Filter>Source Files\Windows\Wizards\Beacon\Pages</Filter>
    </ClCompile>
    <ClCompile Include="Windows\Wizards\Beacon\Pages\BeaconInfoPage.cpp">
      <Filter>Source Files\Windows\Wizards\Beacon\Pages</Filter>
    </ClCompile>
    <ClCompile Include="Windows\Wizards\Beacon\Pages\BeaconTacanPage.cpp">
      <Filter>Source Files\Windows\Wizards\Beacon\Pages</Filter>
    </ClCompile>
    <ClCompile Include="Windows\Wizards\Atis\AtisWizard.cpp">
      <Filter>Source Files\Windows\Wizards\Atis</Filter>
    </ClCompile>
    <ClCompile Include="Windows\Wizards\Atis\Pages\AtisIlsPage.cpp">
      <Filter>Source Files\Windows\Wizards\Atis\Pages</Filter>
    </ClCompile>
    <ClCompile Include="Windows\Wizards\Atis\Pages\AtisIntroPage.cpp">
      <Filter>Source Files\Windows\Wizards\Atis\Pages</Filter>
    </ClCompile>
    <ClCompile Include="Windows\Wizards\Atis\Pages\AtisRadioPage.cpp">
      <Filter>Source Files\Windows\Wizards\Atis\Pages</Filter>
    </ClCompile>
    <ClCompile Include="Windows\Wizards\Atis\Pages\AtisSettingsPage.cpp">
      <Filter>Source Files\Windows\Wizards\Atis\Pages</Filter>
    </ClCompile>
    <ClCompile Include="Windows\Wizards\Atis\Pages\AtisSrsPage.cpp">
      <Filter>Source Files\Windows\Wizards\Atis\Pages</Filter>
    </ClCompile>
    <ClCompile Include="Windows\Wizards\Atis\Pages\AtisTacanPage.cpp">
      <Filter>Source Files\Windows\Wizards\Atis\Pages</Filter>
    </ClCompile>
    <ClCompile Include="Windows\Wizards\Atis\Pages\AtisRunwayPage.cpp">
      <Filter>Source Files\Windows\Wizards\Atis\Pages</Filter>
    </ClCompile>
    <ClCompile Include="Windows\Wizards\Atis\Pages\AtisGeneralPage.cpp">
      <Filter>Source Files\Windows\Wizards\Atis\Pages</Filter>
    </ClCompile>
    <ClCompile Include="Utilities\StackWalker.cpp">
      <Filter>Source Files\Utilities</Filter>
    </ClCompile>
    <ClCompile Include="Utilities\Validators\QRealIntValidator.cpp">
      <Filter>Source Files\Utilities\Validators</Filter>
    </ClCompile>
    <ClCompile Include="Windows\Wizards\Awacs\Pages\AwacsCarrierPage.cpp">
      <Filter>Source Files\Windows\Wizards\Awacs\Pages</Filter>
    </ClCompile>
    <ClCompile Include="Windows\Wizards\Awacs\Pages\AwacsChooseEscortPage.cpp">
      <Filter>Source Files\Windows\Wizards\Awacs\Pages</Filter>
    </ClCompile>
    <ClCompile Include="Windows\Wizards\Awacs\Pages\AwacsDeparturePage.cpp">
      <Filter>Source Files\Windows\Wizards\Awacs\Pages</Filter>
    </ClCompile>
    <ClCompile Include="Windows\Wizards\Awacs\Pages\AwacsEscortPage.cpp">
      <Filter>Source Files\Windows\Wizards\Awacs\Pages</Filter>
    </ClCompile>
    <ClCompile Include="Windows\Wizards\Awacs\Pages\AwacsFixedPage.cpp">
      <Filter>Source Files\Windows\Wizards\Awacs\Pages</Filter>
    </ClCompile>
    <ClCompile Include="Windows\Wizards\Awacs\Pages\AwacsFlightPage.cpp">
      <Filter>Source Files\Windows\Wizards\Awacs\Pages</Filter>
    </ClCompile>
    <ClCompile Include="Windows\Wizards\Awacs\Pages\AwacsIntroPage.cpp">
      <Filter>Source Files\Windows\Wizards\Awacs\Pages</Filter>
    </ClCompile>
    <ClCompile Include="Windows\Wizards\Awacs\Pages\AwacsMissionPage.cpp">
      <Filter>Source Files\Windows\Wizards\Awacs\Pages</Filter>
    </ClCompile>
    <ClCompile Include="Windows\Wizards\Awacs\Pages\AwacsModelPage.cpp">
      <Filter>Source Files\Windows\Wizards\Awacs\Pages</Filter>
    </ClCompile>
    <ClCompile Include="Windows\Wizards\Awacs\Pages\AwacsParkingPage.cpp">
      <Filter>Source Files\Windows\Wizards\Awacs\Pages</Filter>
    </ClCompile>
    <ClCompile Include="Windows\Wizards\Awacs\Pages\AwacsRadioPage.cpp">
      <Filter>Source Files\Windows\Wizards\Awacs\Pages</Filter>
    </ClCompile>
    <ClCompile Include="Windows\Wizards\Awacs\Pages\AwacsRespawnPage.cpp">
      <Filter>Source Files\Windows\Wizards\Awacs\Pages</Filter>
    </ClCompile>
    <ClCompile Include="Windows\Wizards\Awacs\Pages\AwacsTacanPage.cpp">
      <Filter>Source Files\Windows\Wizards\Awacs\Pages</Filter>
    </ClCompile>
    <ClCompile Include="Windows\Wizards\Awacs\AwacsWizard.cpp">
      <Filter>Source Files\Windows\Wizards\Awacs</Filter>
    </ClCompile>
  </ItemGroup>
  <ItemGroup>
    <ClInclude Include="Utilities\Log.h">
      <Filter>Header Files\Utilities</Filter>
    </ClInclude>
    <ClInclude Include="Utilities\Moose.h">
      <Filter>Header Files\Utilities</Filter>
    </ClInclude>
    <ClInclude Include="Utilities\DCS\Group.h">
      <Filter>Header Files\Utilities\DCS</Filter>
    </ClInclude>
    <ClInclude Include="Utilities\DCS\Unit.h">
      <Filter>Header Files\Utilities\DCS</Filter>
    </ClInclude>
    <ClInclude Include="Utilities\LUA\Lua.h">
      <Filter>Header Files\Utilities\LUA</Filter>
    </ClInclude>
    <ClInclude Include="Utilities\Coalition.h">
      <Filter>Header Files\Utilities</Filter>
    </ClInclude>
    <ClInclude Include="Utilities\Mission.h">
      <Filter>Header Files\Utilities</Filter>
    </ClInclude>
    <ClInclude Include="Utilities\Scripting\Scripts.h">
      <Filter>Header Files\Utilities\Scripting</Filter>
    </ClInclude>
    <ClInclude Include="Utilities\DCS\DCSMission.h">
      <Filter>Header Files\Utilities\DCS</Filter>
    </ClInclude>
    <ClInclude Include="Models\Tanker.h">
      <Filter>Header Files\Models</Filter>
    </ClInclude>
    <ClInclude Include="Utilities\Validators\QStringListValidator.h">
      <Filter>Header Files\Utilities\Validators</Filter>
    </ClInclude>
    <ClInclude Include="Utilities\Scripting\Injector.h">
      <Filter>Header Files\Utilities\Scripting</Filter>
    </ClInclude>
    <ClInclude Include="Models\Atis.h">
      <Filter>Header Files\Models</Filter>
    </ClInclude>
    <ClInclude Include="Models\Models.h">
      <Filter>Header Files\Models</Filter>
    </ClInclude>
    <ClInclude Include="Models\Beacon.h">
      <Filter>Header Files\Models</Filter>
    </ClInclude>
    <ClInclude Include="Models\Carrier.h">
      <Filter>Header Files\Models</Filter>
    </ClInclude>
    <ClInclude Include="Models\Awacs.h">
      <Filter>Header Files\Models</Filter>
    </ClInclude>
    <ClInclude Include="Windows\Wizards\Tanker\TankerWizard.h">
      <Filter>Header Files\Windows\Wizards\Tanker</Filter>
    </ClInclude>
    <ClInclude Include="Windows\Wizards\Beacon\BeaconWizard.h">
      <Filter>Header Files\Windows\Wizards\Beacon</Filter>
    </ClInclude>
    <ClInclude Include="Windows\Wizards\WizardMacros.h">
      <Filter>Header Files\Windows\Wizards</Filter>
    </ClInclude>
    <ClInclude Include="Windows\Wizards\Atis\AtisWizard.h">
      <Filter>Header Files\Windows\Wizards\Atis</Filter>
    </ClInclude>
    <ClInclude Include="Utilities\StackWalker.h">
      <Filter>Header Files\Windows</Filter>
    </ClInclude>
    <ClInclude Include="Utilities\Validators\QRealIntValidator.h">
      <Filter>Header Files\Utilities\Validators</Filter>
    </ClInclude>
    <ClInclude Include="Windows\Wizards\Awacs\AwacsWizard.h">
      <Filter>Header Files\Windows\Wizards\Awacs</Filter>
    </ClInclude>
  </ItemGroup>
  <ItemGroup>
    <QtUic Include="Windows\InjectorWindow.ui">
      <Filter>Form Files</Filter>
    </QtUic>
    <QtUic Include="Windows\CarrierWindow.ui">
      <Filter>Form Files</Filter>
    </QtUic>
    <QtUic Include="Windows\AboutDialog.ui">
      <Filter>Form Files</Filter>
    </QtUic>
  </ItemGroup>
  <ItemGroup>
    <QtMoc Include="Windows\InjectorWindow.h">
      <Filter>Header Files\Windows</Filter>
    </QtMoc>
    <QtMoc Include="Windows\CarrierWindow.h">
      <Filter>Header Files\Windows</Filter>
    </QtMoc>
    <QtMoc Include="Windows\AboutDialog.h">
      <Filter>Header Files\Windows</Filter>
    </QtMoc>
    <QtMoc Include="Windows\Wizards\Tanker\Pages\TankerCarrierPage.h">
      <Filter>Header Files\Windows\Wizards\Tanker\Pages</Filter>
    </QtMoc>
    <QtMoc Include="Windows\Wizards\Tanker\Pages\TankerChooseEscortPage.h">
      <Filter>Header Files\Windows\Wizards\Tanker\Pages</Filter>
    </QtMoc>
    <QtMoc Include="Windows\Wizards\Tanker\Pages\TankerDeparturePage.h">
      <Filter>Header Files\Windows\Wizards\Tanker\Pages</Filter>
    </QtMoc>
    <QtMoc Include="Windows\Wizards\Tanker\Pages\TankerEscortPage.h">
      <Filter>Header Files\Windows\Wizards\Tanker\Pages</Filter>
    </QtMoc>
    <QtMoc Include="Windows\Wizards\Tanker\Pages\TankerFlightPage.h">
      <Filter>Header Files\Windows\Wizards\Tanker\Pages</Filter>
    </QtMoc>
    <QtMoc Include="Windows\Wizards\Tanker\Pages\TankerIntroPage.h">
      <Filter>Header Files\Windows\Wizards\Tanker\Pages</Filter>
    </QtMoc>
    <QtMoc Include="Windows\Wizards\Tanker\Pages\TankerFixedPage.h">
      <Filter>Header Files\Windows\Wizards\Tanker\Pages</Filter>
    </QtMoc>
    <QtMoc Include="Windows\Wizards\Tanker\Pages\TankerModelPage.h">
      <Filter>Header Files\Windows\Wizards\Tanker\Pages</Filter>
    </QtMoc>
    <QtMoc Include="Windows\Wizards\Tanker\Pages\TankerParkingPage.h">
      <Filter>Header Files\Windows\Wizards\Tanker\Pages</Filter>
    </QtMoc>
    <QtMoc Include="Windows\Wizards\Tanker\Pages\TankerRadioPage.h">
      <Filter>Header Files\Windows\Wizards\Tanker\Pages</Filter>
    </QtMoc>
    <QtMoc Include="Windows\Wizards\Tanker\Pages\TankerRespawnPage.h">
      <Filter>Header Files\Windows\Wizards\Tanker\Pages</Filter>
    </QtMoc>
    <QtMoc Include="Windows\Wizards\Tanker\Pages\TankerTacanPage.h">
      <Filter>Header Files\Windows\Wizards\Tanker\Pages</Filter>
    </QtMoc>
    <QtMoc Include="Windows\Wizards\Tanker\Pages\TankerMissionPage.h">
      <Filter>Header Files\Windows\Wizards\Tanker\Pages</Filter>
    </QtMoc>
    <QtMoc Include="Windows\Wizards\Tanker\Pages\TankerOnDemandPage.h">
      <Filter>Header Files\Windows\Wizards\Tanker\Pages</Filter>
    </QtMoc>
    <QtMoc Include="Windows\Wizards\Tanker\Pages\TankerOnDemandFlightPage.h">
      <Filter>Header Files\Windows\Wizards\Tanker\Pages</Filter>
    </QtMoc>
    <QtMoc Include="Windows\Wizards\Beacon\Pages\BeaconIntroPage.h">
      <Filter>Header Files\Windows\Wizards\Beacon\Pages</Filter>
    </QtMoc>
    <QtMoc Include="Windows\Wizards\Beacon\Pages\BeaconInfoPage.h">
      <Filter>Header Files\Windows\Wizards\Beacon\Pages</Filter>
    </QtMoc>
    <QtMoc Include="Windows\Wizards\Beacon\Pages\BeaconTacanPage.h">
      <Filter>Header Files\Windows\Wizards\Beacon\Pages</Filter>
    </QtMoc>
    <QtMoc Include="Windows\Wizards\Atis\Pages\AtisIntroPage.h">
      <Filter>Header Files\Windows\Wizards\Atis\Pages</Filter>
    </QtMoc>
    <QtMoc Include="Windows\Wizards\Atis\Pages\AtisSettingsPage.h">
      <Filter>Header Files\Windows\Wizards\Atis\Pages</Filter>
    </QtMoc>
    <QtMoc Include="Windows\Wizards\Atis\Pages\AtisRadioPage.h">
      <Filter>Header Files\Windows\Wizards\Atis\Pages</Filter>
    </QtMoc>
    <QtMoc Include="Windows\Wizards\Atis\Pages\AtisTacanPage.h">
      <Filter>Header Files\Windows\Wizards\Atis\Pages</Filter>
    </QtMoc>
    <QtMoc Include="Windows\Wizards\Atis\Pages\AtisIlsPage.h">
      <Filter>Header Files\Windows\Wizards\Atis\Pages</Filter>
    </QtMoc>
    <QtMoc Include="Windows\Wizards\Atis\Pages\AtisSrsPage.h">
      <Filter>Header Files\Windows\Wizards\Atis\Pages</Filter>
    </QtMoc>
    <QtMoc Include="Windows\Wizards\Atis\Pages\AtisRunwayPage.h">
      <Filter>Header Files\Windows\Wizards\Atis\Pages</Filter>
    </QtMoc>
    <QtMoc Include="Windows\Wizards\Atis\Pages\AtisGeneralPage.h">
      <Filter>Header Files\Windows\Wizards\Atis\Pages</Filter>
    </QtMoc>
    <QtMoc Include="Windows\Wizards\Awacs\Pages\AwacsCarrierPage.h">
      <Filter>Header Files\Windows\Wizards\Awacs\Pages</Filter>
    </QtMoc>
    <QtMoc Include="Windows\Wizards\Awacs\Pages\AwacsChooseEscortPage.h">
      <Filter>Header Files\Windows\Wizards\Awacs\Pages</Filter>
    </QtMoc>
    <QtMoc Include="Windows\Wizards\Awacs\Pages\AwacsDeparturePage.h">
      <Filter>Header Files\Windows\Wizards\Awacs\Pages</Filter>
    </QtMoc>
    <QtMoc Include="Windows\Wizards\Awacs\Pages\AwacsEscortPage.h">
      <Filter>Header Files\Windows\Wizards\Awacs\Pages</Filter>
    </QtMoc>
    <QtMoc Include="Windows\Wizards\Awacs\Pages\AwacsFixedPage.h">
      <Filter>Header Files\Windows\Wizards\Awacs\Pages</Filter>
    </QtMoc>
    <QtMoc Include="Windows\Wizards\Awacs\Pages\AwacsFlightPage.h">
      <Filter>Header Files\Windows\Wizards\Awacs\Pages</Filter>
    </QtMoc>
    <QtMoc Include="Windows\Wizards\Awacs\Pages\AwacsIntroPage.h">
      <Filter>Header Files\Windows\Wizards\Awacs\Pages</Filter>
    </QtMoc>
    <QtMoc Include="Windows\Wizards\Awacs\Pages\AwacsMissionPage.h">
      <Filter>Header Files\Windows\Wizards\Awacs\Pages</Filter>
    </QtMoc>
    <QtMoc Include="Windows\Wizards\Awacs\Pages\AwacsModelPage.h">
      <Filter>Header Files\Windows\Wizards\Awacs\Pages</Filter>
    </QtMoc>
    <QtMoc Include="Windows\Wizards\Awacs\Pages\AwacsParkingPage.h">
      <Filter>Header Files\Windows\Wizards\Awacs\Pages</Filter>
    </QtMoc>
    <QtMoc Include="Windows\Wizards\Awacs\Pages\AwacsRadioPage.h">
      <Filter>Header Files\Windows\Wizards\Awacs\Pages</Filter>
    </QtMoc>
    <QtMoc Include="Windows\Wizards\Awacs\Pages\AwacsRespawnPage.h">
      <Filter>Header Files\Windows\Wizards\Awacs\Pages</Filter>
    </QtMoc>
    <QtMoc Include="Windows\Wizards\Awacs\Pages\AwacsTacanPage.h">
      <Filter>Header Files\Windows\Wizards\Awacs\Pages</Filter>
    </QtMoc>
  </ItemGroup>
</Project>